// !$*UTF8*$!
{
	archiveVersion = 1;
	classes = {
	};
	objectVersion = 56;
	objects = {

/* Begin PBXBuildFile section */
		B41D34722C56299500208A9D /* TodoAppApp.swift in Sources */ = {isa = PBXBuildFile; fileRef = B41D34712C56299500208A9D /* TodoAppApp.swift */; };
		B41D34742C56299500208A9D /* ContentView.swift in Sources */ = {isa = PBXBuildFile; fileRef = B41D34732C56299500208A9D /* ContentView.swift */; };
		B41D34762C56299600208A9D /* Assets.xcassets in Resources */ = {isa = PBXBuildFile; fileRef = B41D34752C56299600208A9D /* Assets.xcassets */; };
		B41D34792C56299600208A9D /* Preview Assets.xcassets in Resources */ = {isa = PBXBuildFile; fileRef = B41D34782C56299600208A9D /* Preview Assets.xcassets */; };
		B41D34832C562A1200208A9D /* TodoAppModel.xcdatamodeld in Sources */ = {isa = PBXBuildFile; fileRef = B41D34812C562A1200208A9D /* TodoAppModel.xcdatamodeld */; };
		B41D34852C562A7F00208A9D /* Task+Extensions.swift in Sources */ = {isa = PBXBuildFile; fileRef = B41D34842C562A7F00208A9D /* Task+Extensions.swift */; };
		B41D34872C562AA500208A9D /* CoreDataManager.swift in Sources */ = {isa = PBXBuildFile; fileRef = B41D34862C562AA500208A9D /* CoreDataManager.swift */; };
		B41D34892C562AFE00208A9D /* TaskDetailView.swift in Sources */ = {isa = PBXBuildFile; fileRef = B41D34882C562AFE00208A9D /* TaskDetailView.swift */; };
		B4D544B22C562ED60099E4E2 /* TodoAppUITests.swift in Sources */ = {isa = PBXBuildFile; fileRef = B4D544B12C562ED60099E4E2 /* TodoAppUITests.swift */; };
		B4D544B42C562ED60099E4E2 /* TodoAppUITestsLaunchTests.swift in Sources */ = {isa = PBXBuildFile; fileRef = B4D544B32C562ED60099E4E2 /* TodoAppUITestsLaunchTests.swift */; };
		B4D544BC2C5631EB0099E4E2 /* Springboard.swift in Sources */ = {isa = PBXBuildFile; fileRef = B4D544BB2C5631EB0099E4E2 /* Springboard.swift */; };
/* End PBXBuildFile section */

/* Begin PBXContainerItemProxy section */
		B4D544B52C562ED60099E4E2 /* PBXContainerItemProxy */ = {
			isa = PBXContainerItemProxy;
			containerPortal = B41D34662C56299500208A9D /* Project object */;
			proxyType = 1;
			remoteGlobalIDString = B41D346D2C56299500208A9D;
			remoteInfo = TodoApp;
		};
/* End PBXContainerItemProxy section */

/* Begin PBXFileReference section */
		B41D346E2C56299500208A9D /* TodoApp.app */ = {isa = PBXFileReference; explicitFileType = wrapper.application; includeInIndex = 0; path = TodoApp.app; sourceTree = BUILT_PRODUCTS_DIR; };
		B41D34712C56299500208A9D /* TodoAppApp.swift */ = {isa = PBXFileReference; lastKnownFileType = sourcecode.swift; path = TodoAppApp.swift; sourceTree = "<group>"; };
		B41D34732C56299500208A9D /* ContentView.swift */ = {isa = PBXFileReference; lastKnownFileType = sourcecode.swift; path = ContentView.swift; sourceTree = "<group>"; };
		B41D34752C56299600208A9D /* Assets.xcassets */ = {isa = PBXFileReference; lastKnownFileType = folder.assetcatalog; path = Assets.xcassets; sourceTree = "<group>"; };
		B41D34782C56299600208A9D /* Preview Assets.xcassets */ = {isa = PBXFileReference; lastKnownFileType = folder.assetcatalog; path = "Preview Assets.xcassets"; sourceTree = "<group>"; };
		B41D34822C562A1200208A9D /* TodoAppModel.xcdatamodel */ = {isa = PBXFileReference; lastKnownFileType = wrapper.xcdatamodel; path = TodoAppModel.xcdatamodel; sourceTree = "<group>"; };
		B41D34842C562A7F00208A9D /* Task+Extensions.swift */ = {isa = PBXFileReference; lastKnownFileType = sourcecode.swift; path = "Task+Extensions.swift"; sourceTree = "<group>"; };
		B41D34862C562AA500208A9D /* CoreDataManager.swift */ = {isa = PBXFileReference; lastKnownFileType = sourcecode.swift; path = CoreDataManager.swift; sourceTree = "<group>"; };
		B41D34882C562AFE00208A9D /* TaskDetailView.swift */ = {isa = PBXFileReference; lastKnownFileType = sourcecode.swift; path = TaskDetailView.swift; sourceTree = "<group>"; };
		B4D544AF2C562ED60099E4E2 /* TodoAppUITests.xctest */ = {isa = PBXFileReference; explicitFileType = wrapper.cfbundle; includeInIndex = 0; path = TodoAppUITests.xctest; sourceTree = BUILT_PRODUCTS_DIR; };
		B4D544B12C562ED60099E4E2 /* TodoAppUITests.swift */ = {isa = PBXFileReference; lastKnownFileType = sourcecode.swift; path = TodoAppUITests.swift; sourceTree = "<group>"; };
		B4D544B32C562ED60099E4E2 /* TodoAppUITestsLaunchTests.swift */ = {isa = PBXFileReference; lastKnownFileType = sourcecode.swift; path = TodoAppUITestsLaunchTests.swift; sourceTree = "<group>"; };
		B4D544BB2C5631EB0099E4E2 /* Springboard.swift */ = {isa = PBXFileReference; lastKnownFileType = sourcecode.swift; path = Springboard.swift; sourceTree = "<group>"; };
/* End PBXFileReference section */

/* Begin PBXFrameworksBuildPhase section */
		B41D346B2C56299500208A9D /* Frameworks */ = {
			isa = PBXFrameworksBuildPhase;
			buildActionMask = 2147483647;
			files = (
			);
			runOnlyForDeploymentPostprocessing = 0;
		};
		B4D544AC2C562ED60099E4E2 /* Frameworks */ = {
			isa = PBXFrameworksBuildPhase;
			buildActionMask = 2147483647;
			files = (
			);
			runOnlyForDeploymentPostprocessing = 0;
		};
/* End PBXFrameworksBuildPhase section */

/* Begin PBXGroup section */
		B41D34652C56299500208A9D = {
			isa = PBXGroup;
			children = (
				B41D34702C56299500208A9D /* TodoApp */,
				B4D544B02C562ED60099E4E2 /* TodoAppUITests */,
				B41D346F2C56299500208A9D /* Products */,
			);
			sourceTree = "<group>";
		};
		B41D346F2C56299500208A9D /* Products */ = {
			isa = PBXGroup;
			children = (
				B41D346E2C56299500208A9D /* TodoApp.app */,
				B4D544AF2C562ED60099E4E2 /* TodoAppUITests.xctest */,
			);
			name = Products;
			sourceTree = "<group>";
		};
		B41D34702C56299500208A9D /* TodoApp */ = {
			isa = PBXGroup;
			children = (
				B41D347F2C5629BE00208A9D /* Extensions */,
				B41D34802C5629CA00208A9D /* Managers */,
				B41D34712C56299500208A9D /* TodoAppApp.swift */,
				B41D34732C56299500208A9D /* ContentView.swift */,
				B41D34882C562AFE00208A9D /* TaskDetailView.swift */,
				B41D34812C562A1200208A9D /* TodoAppModel.xcdatamodeld */,
				B41D34752C56299600208A9D /* Assets.xcassets */,
				B41D34772C56299600208A9D /* Preview Content */,
			);
			path = TodoApp;
			sourceTree = "<group>";
		};
		B41D34772C56299600208A9D /* Preview Content */ = {
			isa = PBXGroup;
			children = (
				B41D34782C56299600208A9D /* Preview Assets.xcassets */,
			);
			path = "Preview Content";
			sourceTree = "<group>";
		};
		B41D347F2C5629BE00208A9D /* Extensions */ = {
			isa = PBXGroup;
			children = (
				B41D34842C562A7F00208A9D /* Task+Extensions.swift */,
			);
			path = Extensions;
			sourceTree = "<group>";
		};
		B41D34802C5629CA00208A9D /* Managers */ = {
			isa = PBXGroup;
			children = (
				B41D34862C562AA500208A9D /* CoreDataManager.swift */,
			);
			path = Managers;
			sourceTree = "<group>";
		};
		B4D544B02C562ED60099E4E2 /* TodoAppUITests */ = {
			isa = PBXGroup;
			children = (
				B4D544BA2C5631D00099E4E2 /* Utils */,
				B4D544B12C562ED60099E4E2 /* TodoAppUITests.swift */,
				B4D544B32C562ED60099E4E2 /* TodoAppUITestsLaunchTests.swift */,
			);
			path = TodoAppUITests;
			sourceTree = "<group>";
		};
		B4D544BA2C5631D00099E4E2 /* Utils */ = {
			isa = PBXGroup;
			children = (
				B4D544BB2C5631EB0099E4E2 /* Springboard.swift */,
			);
			path = Utils;
			sourceTree = "<group>";
		};
/* End PBXGroup section */

/* Begin PBXNativeTarget section */
		B41D346D2C56299500208A9D /* TodoApp */ = {
			isa = PBXNativeTarget;
			buildConfigurationList = B41D347C2C56299600208A9D /* Build configuration list for PBXNativeTarget "TodoApp" */;
			buildPhases = (
				B41D346A2C56299500208A9D /* Sources */,
				B41D346B2C56299500208A9D /* Frameworks */,
				B41D346C2C56299500208A9D /* Resources */,
			);
			buildRules = (
			);
			dependencies = (
			);
			name = TodoApp;
			productName = TodoApp;
			productReference = B41D346E2C56299500208A9D /* TodoApp.app */;
			productType = "com.apple.product-type.application";
		};
		B4D544AE2C562ED60099E4E2 /* TodoAppUITests */ = {
			isa = PBXNativeTarget;
			buildConfigurationList = B4D544B92C562ED60099E4E2 /* Build configuration list for PBXNativeTarget "TodoAppUITests" */;
			buildPhases = (
				B4D544AB2C562ED60099E4E2 /* Sources */,
				B4D544AC2C562ED60099E4E2 /* Frameworks */,
				B4D544AD2C562ED60099E4E2 /* Resources */,
			);
			buildRules = (
			);
			dependencies = (
				B4D544B62C562ED60099E4E2 /* PBXTargetDependency */,
			);
			name = TodoAppUITests;
			productName = TodoAppUITests;
			productReference = B4D544AF2C562ED60099E4E2 /* TodoAppUITests.xctest */;
			productType = "com.apple.product-type.bundle.ui-testing";
		};
/* End PBXNativeTarget section */

/* Begin PBXProject section */
		B41D34662C56299500208A9D /* Project object */ = {
			isa = PBXProject;
			attributes = {
				BuildIndependentTargetsInParallel = 1;
				LastSwiftUpdateCheck = 1540;
				LastUpgradeCheck = 1540;
				TargetAttributes = {
					B41D346D2C56299500208A9D = {
						CreatedOnToolsVersion = 15.4;
					};
					B4D544AE2C562ED60099E4E2 = {
						CreatedOnToolsVersion = 15.4;
						TestTargetID = B41D346D2C56299500208A9D;
					};
				};
			};
			buildConfigurationList = B41D34692C56299500208A9D /* Build configuration list for PBXProject "TodoApp" */;
			compatibilityVersion = "Xcode 14.0";
			developmentRegion = en;
			hasScannedForEncodings = 0;
			knownRegions = (
				en,
				Base,
			);
			mainGroup = B41D34652C56299500208A9D;
			productRefGroup = B41D346F2C56299500208A9D /* Products */;
			projectDirPath = "";
			projectRoot = "";
			targets = (
				B41D346D2C56299500208A9D /* TodoApp */,
				B4D544AE2C562ED60099E4E2 /* TodoAppUITests */,
			);
		};
/* End PBXProject section */

/* Begin PBXResourcesBuildPhase section */
		B41D346C2C56299500208A9D /* Resources */ = {
			isa = PBXResourcesBuildPhase;
			buildActionMask = 2147483647;
			files = (
				B41D34792C56299600208A9D /* Preview Assets.xcassets in Resources */,
				B41D34762C56299600208A9D /* Assets.xcassets in Resources */,
			);
			runOnlyForDeploymentPostprocessing = 0;
		};
		B4D544AD2C562ED60099E4E2 /* Resources */ = {
			isa = PBXResourcesBuildPhase;
			buildActionMask = 2147483647;
			files = (
			);
			runOnlyForDeploymentPostprocessing = 0;
		};
/* End PBXResourcesBuildPhase section */

/* Begin PBXSourcesBuildPhase section */
		B41D346A2C56299500208A9D /* Sources */ = {
			isa = PBXSourcesBuildPhase;
			buildActionMask = 2147483647;
			files = (
				B41D34742C56299500208A9D /* ContentView.swift in Sources */,
				B41D34722C56299500208A9D /* TodoAppApp.swift in Sources */,
				B41D34892C562AFE00208A9D /* TaskDetailView.swift in Sources */,
				B41D34852C562A7F00208A9D /* Task+Extensions.swift in Sources */,
				B41D34872C562AA500208A9D /* CoreDataManager.swift in Sources */,
				B41D34832C562A1200208A9D /* TodoAppModel.xcdatamodeld in Sources */,
			);
			runOnlyForDeploymentPostprocessing = 0;
		};
		B4D544AB2C562ED60099E4E2 /* Sources */ = {
			isa = PBXSourcesBuildPhase;
			buildActionMask = 2147483647;
			files = (
				B4D544B42C562ED60099E4E2 /* TodoAppUITestsLaunchTests.swift in Sources */,
				B4D544B22C562ED60099E4E2 /* TodoAppUITests.swift in Sources */,
				B4D544BC2C5631EB0099E4E2 /* Springboard.swift in Sources */,
			);
			runOnlyForDeploymentPostprocessing = 0;
		};
/* End PBXSourcesBuildPhase section */

/* Begin PBXTargetDependency section */
		B4D544B62C562ED60099E4E2 /* PBXTargetDependency */ = {
			isa = PBXTargetDependency;
			target = B41D346D2C56299500208A9D /* TodoApp */;
			targetProxy = B4D544B52C562ED60099E4E2 /* PBXContainerItemProxy */;
		};
/* End PBXTargetDependency section */

/* Begin XCBuildConfiguration section */
		B41D347A2C56299600208A9D /* Debug */ = {
			isa = XCBuildConfiguration;
			buildSettings = {
				ALWAYS_SEARCH_USER_PATHS = NO;
				ASSETCATALOG_COMPILER_GENERATE_SWIFT_ASSET_SYMBOL_EXTENSIONS = YES;
				CLANG_ANALYZER_NONNULL = YES;
				CLANG_ANALYZER_NUMBER_OBJECT_CONVERSION = YES_AGGRESSIVE;
				CLANG_CXX_LANGUAGE_STANDARD = "gnu++20";
				CLANG_ENABLE_MODULES = YES;
				CLANG_ENABLE_OBJC_ARC = YES;
				CLANG_ENABLE_OBJC_WEAK = YES;
				CLANG_WARN_BLOCK_CAPTURE_AUTORELEASING = YES;
				CLANG_WARN_BOOL_CONVERSION = YES;
				CLANG_WARN_COMMA = YES;
				CLANG_WARN_CONSTANT_CONVERSION = YES;
				CLANG_WARN_DEPRECATED_OBJC_IMPLEMENTATIONS = YES;
				CLANG_WARN_DIRECT_OBJC_ISA_USAGE = YES_ERROR;
				CLANG_WARN_DOCUMENTATION_COMMENTS = YES;
				CLANG_WARN_EMPTY_BODY = YES;
				CLANG_WARN_ENUM_CONVERSION = YES;
				CLANG_WARN_INFINITE_RECURSION = YES;
				CLANG_WARN_INT_CONVERSION = YES;
				CLANG_WARN_NON_LITERAL_NULL_CONVERSION = YES;
				CLANG_WARN_OBJC_IMPLICIT_RETAIN_SELF = YES;
				CLANG_WARN_OBJC_LITERAL_CONVERSION = YES;
				CLANG_WARN_OBJC_ROOT_CLASS = YES_ERROR;
				CLANG_WARN_QUOTED_INCLUDE_IN_FRAMEWORK_HEADER = YES;
				CLANG_WARN_RANGE_LOOP_ANALYSIS = YES;
				CLANG_WARN_STRICT_PROTOTYPES = YES;
				CLANG_WARN_SUSPICIOUS_MOVE = YES;
				CLANG_WARN_UNGUARDED_AVAILABILITY = YES_AGGRESSIVE;
				CLANG_WARN_UNREACHABLE_CODE = YES;
				CLANG_WARN__DUPLICATE_METHOD_MATCH = YES;
				COPY_PHASE_STRIP = NO;
				DEBUG_INFORMATION_FORMAT = dwarf;
				ENABLE_STRICT_OBJC_MSGSEND = YES;
				ENABLE_TESTABILITY = YES;
				ENABLE_USER_SCRIPT_SANDBOXING = YES;
				GCC_C_LANGUAGE_STANDARD = gnu17;
				GCC_DYNAMIC_NO_PIC = NO;
				GCC_NO_COMMON_BLOCKS = YES;
				GCC_OPTIMIZATION_LEVEL = 0;
				GCC_PREPROCESSOR_DEFINITIONS = (
					"DEBUG=1",
					"$(inherited)",
				);
				GCC_WARN_64_TO_32_BIT_CONVERSION = YES;
				GCC_WARN_ABOUT_RETURN_TYPE = YES_ERROR;
				GCC_WARN_UNDECLARED_SELECTOR = YES;
				GCC_WARN_UNINITIALIZED_AUTOS = YES_AGGRESSIVE;
				GCC_WARN_UNUSED_FUNCTION = YES;
				GCC_WARN_UNUSED_VARIABLE = YES;
				IPHONEOS_DEPLOYMENT_TARGET = 17.5;
				LOCALIZATION_PREFERS_STRING_CATALOGS = YES;
				MTL_ENABLE_DEBUG_INFO = INCLUDE_SOURCE;
				MTL_FAST_MATH = YES;
				ONLY_ACTIVE_ARCH = YES;
				SDKROOT = iphoneos;
				SWIFT_ACTIVE_COMPILATION_CONDITIONS = "DEBUG $(inherited)";
				SWIFT_OPTIMIZATION_LEVEL = "-Onone";
			};
			name = Debug;
		};
		B41D347B2C56299600208A9D /* Release */ = {
			isa = XCBuildConfiguration;
			buildSettings = {
				ALWAYS_SEARCH_USER_PATHS = NO;
				ASSETCATALOG_COMPILER_GENERATE_SWIFT_ASSET_SYMBOL_EXTENSIONS = YES;
				CLANG_ANALYZER_NONNULL = YES;
				CLANG_ANALYZER_NUMBER_OBJECT_CONVERSION = YES_AGGRESSIVE;
				CLANG_CXX_LANGUAGE_STANDARD = "gnu++20";
				CLANG_ENABLE_MODULES = YES;
				CLANG_ENABLE_OBJC_ARC = YES;
				CLANG_ENABLE_OBJC_WEAK = YES;
				CLANG_WARN_BLOCK_CAPTURE_AUTORELEASING = YES;
				CLANG_WARN_BOOL_CONVERSION = YES;
				CLANG_WARN_COMMA = YES;
				CLANG_WARN_CONSTANT_CONVERSION = YES;
				CLANG_WARN_DEPRECATED_OBJC_IMPLEMENTATIONS = YES;
				CLANG_WARN_DIRECT_OBJC_ISA_USAGE = YES_ERROR;
				CLANG_WARN_DOCUMENTATION_COMMENTS = YES;
				CLANG_WARN_EMPTY_BODY = YES;
				CLANG_WARN_ENUM_CONVERSION = YES;
				CLANG_WARN_INFINITE_RECURSION = YES;
				CLANG_WARN_INT_CONVERSION = YES;
				CLANG_WARN_NON_LITERAL_NULL_CONVERSION = YES;
				CLANG_WARN_OBJC_IMPLICIT_RETAIN_SELF = YES;
				CLANG_WARN_OBJC_LITERAL_CONVERSION = YES;
				CLANG_WARN_OBJC_ROOT_CLASS = YES_ERROR;
				CLANG_WARN_QUOTED_INCLUDE_IN_FRAMEWORK_HEADER = YES;
				CLANG_WARN_RANGE_LOOP_ANALYSIS = YES;
				CLANG_WARN_STRICT_PROTOTYPES = YES;
				CLANG_WARN_SUSPICIOUS_MOVE = YES;
				CLANG_WARN_UNGUARDED_AVAILABILITY = YES_AGGRESSIVE;
				CLANG_WARN_UNREACHABLE_CODE = YES;
				CLANG_WARN__DUPLICATE_METHOD_MATCH = YES;
				COPY_PHASE_STRIP = NO;
				DEBUG_INFORMATION_FORMAT = "dwarf-with-dsym";
				ENABLE_NS_ASSERTIONS = NO;
				ENABLE_STRICT_OBJC_MSGSEND = YES;
				ENABLE_USER_SCRIPT_SANDBOXING = YES;
				GCC_C_LANGUAGE_STANDARD = gnu17;
				GCC_NO_COMMON_BLOCKS = YES;
				GCC_WARN_64_TO_32_BIT_CONVERSION = YES;
				GCC_WARN_ABOUT_RETURN_TYPE = YES_ERROR;
				GCC_WARN_UNDECLARED_SELECTOR = YES;
				GCC_WARN_UNINITIALIZED_AUTOS = YES_AGGRESSIVE;
				GCC_WARN_UNUSED_FUNCTION = YES;
				GCC_WARN_UNUSED_VARIABLE = YES;
				IPHONEOS_DEPLOYMENT_TARGET = 17.5;
				LOCALIZATION_PREFERS_STRING_CATALOGS = YES;
				MTL_ENABLE_DEBUG_INFO = NO;
				MTL_FAST_MATH = YES;
				SDKROOT = iphoneos;
				SWIFT_COMPILATION_MODE = wholemodule;
				VALIDATE_PRODUCT = YES;
			};
			name = Release;
		};
		B41D347D2C56299600208A9D /* Debug */ = {
			isa = XCBuildConfiguration;
			buildSettings = {
				ASSETCATALOG_COMPILER_APPICON_NAME = AppIcon;
				ASSETCATALOG_COMPILER_GLOBAL_ACCENT_COLOR_NAME = AccentColor;
				CODE_SIGN_STYLE = Automatic;
				CURRENT_PROJECT_VERSION = 1;
				DEVELOPMENT_ASSET_PATHS = "\"TodoApp/Preview Content\"";
				DEVELOPMENT_TEAM = D2R2MN4TCC;
				ENABLE_PREVIEWS = YES;
				GENERATE_INFOPLIST_FILE = YES;
				INFOPLIST_KEY_UIApplicationSceneManifest_Generation = YES;
				INFOPLIST_KEY_UIApplicationSupportsIndirectInputEvents = YES;
				INFOPLIST_KEY_UILaunchScreen_Generation = YES;
				INFOPLIST_KEY_UISupportedInterfaceOrientations_iPad = "UIInterfaceOrientationPortrait UIInterfaceOrientationPortraitUpsideDown UIInterfaceOrientationLandscapeLeft UIInterfaceOrientationLandscapeRight";
				INFOPLIST_KEY_UISupportedInterfaceOrientations_iPhone = "UIInterfaceOrientationPortrait UIInterfaceOrientationLandscapeLeft UIInterfaceOrientationLandscapeRight";
				LD_RUNPATH_SEARCH_PATHS = (
					"$(inherited)",
					"@executable_path/Frameworks",
				);
				MARKETING_VERSION = 1.0;
				PRODUCT_BUNDLE_IDENTIFIER = com.sajedshaikh.TodoApp;
				PRODUCT_NAME = "$(TARGET_NAME)";
				SWIFT_EMIT_LOC_STRINGS = YES;
				SWIFT_VERSION = 5.0;
				TARGETED_DEVICE_FAMILY = "1,2";
			};
			name = Debug;
		};
		B41D347E2C56299600208A9D /* Release */ = {
			isa = XCBuildConfiguration;
			buildSettings = {
				ASSETCATALOG_COMPILER_APPICON_NAME = AppIcon;
				ASSETCATALOG_COMPILER_GLOBAL_ACCENT_COLOR_NAME = AccentColor;
				CODE_SIGN_STYLE = Automatic;
				CURRENT_PROJECT_VERSION = 1;
				DEVELOPMENT_ASSET_PATHS = "\"TodoApp/Preview Content\"";
				DEVELOPMENT_TEAM = D2R2MN4TCC;
				ENABLE_PREVIEWS = YES;
				GENERATE_INFOPLIST_FILE = YES;
				INFOPLIST_KEY_UIApplicationSceneManifest_Generation = YES;
				INFOPLIST_KEY_UIApplicationSupportsIndirectInputEvents = YES;
				INFOPLIST_KEY_UILaunchScreen_Generation = YES;
				INFOPLIST_KEY_UISupportedInterfaceOrientations_iPad = "UIInterfaceOrientationPortrait UIInterfaceOrientationPortraitUpsideDown UIInterfaceOrientationLandscapeLeft UIInterfaceOrientationLandscapeRight";
				INFOPLIST_KEY_UISupportedInterfaceOrientations_iPhone = "UIInterfaceOrientationPortrait UIInterfaceOrientationLandscapeLeft UIInterfaceOrientationLandscapeRight";
				LD_RUNPATH_SEARCH_PATHS = (
					"$(inherited)",
					"@executable_path/Frameworks",
				);
				MARKETING_VERSION = 1.0;
				PRODUCT_BUNDLE_IDENTIFIER = com.sajedshaikh.TodoApp;
				PRODUCT_NAME = "$(TARGET_NAME)";
				SWIFT_EMIT_LOC_STRINGS = YES;
				SWIFT_VERSION = 5.0;
				TARGETED_DEVICE_FAMILY = "1,2";
			};
			name = Release;
		};
		B4D544B72C562ED60099E4E2 /* Debug */ = {
			isa = XCBuildConfiguration;
			buildSettings = {
				CODE_SIGN_STYLE = Automatic;
				CURRENT_PROJECT_VERSION = 1;
				DEVELOPMENT_TEAM = D2R2MN4TCC;
				GENERATE_INFOPLIST_FILE = YES;
				MARKETING_VERSION = 1.0;
				PRODUCT_BUNDLE_IDENTIFIER = com.sajedshaikh.TodoAppUITests;
				PRODUCT_NAME = "$(TARGET_NAME)";
				SWIFT_EMIT_LOC_STRINGS = NO;
				SWIFT_VERSION = 5.0;
				TARGETED_DEVICE_FAMILY = "1,2";
				TEST_TARGET_NAME = TodoApp;
			};
			name = Debug;
		};
		B4D544B82C562ED60099E4E2 /* Release */ = {
			isa = XCBuildConfiguration;
			buildSettings = {
				CODE_SIGN_STYLE = Automatic;
				CURRENT_PROJECT_VERSION = 1;
				DEVELOPMENT_TEAM = D2R2MN4TCC;
				GENERATE_INFOPLIST_FILE = YES;
				MARKETING_VERSION = 1.0;
				PRODUCT_BUNDLE_IDENTIFIER = com.sajedshaikh.TodoAppUITests;
				PRODUCT_NAME = "$(TARGET_NAME)";
				SWIFT_EMIT_LOC_STRINGS = NO;
				SWIFT_VERSION = 5.0;
				TARGETED_DEVICE_FAMILY = "1,2";
				TEST_TARGET_NAME = TodoApp;
			};
			name = Release;
		};
/* End XCBuildConfiguration section */

/* Begin XCConfigurationList section */
		B41D34692C56299500208A9D /* Build configuration list for PBXProject "TodoApp" */ = {
			isa = XCConfigurationList;
			buildConfigurations = (
				B41D347A2C56299600208A9D /* Debug */,
				B41D347B2C56299600208A9D /* Release */,
			);
			defaultConfigurationIsVisible = 0;
			defaultConfigurationName = Release;
		};
		B41D347C2C56299600208A9D /* Build configuration list for PBXNativeTarget "TodoApp" */ = {
			isa = XCConfigurationList;
			buildConfigurations = (
				B41D347D2C56299600208A9D /* Debug */,
				B41D347E2C56299600208A9D /* Release */,
			);
			defaultConfigurationIsVisible = 0;
			defaultConfigurationName = Release;
		};
		B4D544B92C562ED60099E4E2 /* Build configuration list for PBXNativeTarget "TodoAppUITests" */ = {
			isa = XCConfigurationList;
			buildConfigurations = (
				B4D544B72C562ED60099E4E2 /* Debug */,
				B4D544B82C562ED60099E4E2 /* Release */,
			);
			defaultConfigurationIsVisible = 0;
			defaultConfigurationName = Release;
		};
/* End XCConfigurationList section */

/* Begin XCVersionGroup section */
		B41D34812C562A1200208A9D /* TodoAppModel.xcdatamodeld */ = {
			isa = XCVersionGroup;
			children = (
				B41D34822C562A1200208A9D /* TodoAppModel.xcdatamodel */,
			);
			currentVersion = B41D34822C562A1200208A9D /* TodoAppModel.xcdatamodel */;
			name = TodoAppModel.xcdatamodeld;
			path = /Users/sajedshaikh/Developer/iOS/TodoApp/TodoApp/TodoAppModel.xcdatamodeld;
			sourceTree = "<group>";
			versionGroupType = wrapper.xcdatamodel;
		};
/* End XCVersionGroup section */
	};
	rootObject = B41D34662C56299500208A9D /* Project object */;
}
